
Microsoft Visual Studio Solution File, Format Version 12.00
# Visual Studio Version 17
VisualStudioVersion = 17.5.33424.131
MinimumVisualStudioVersion = 10.0.40219.1
Project("{9A19103F-16F7-4668-BE54-9A1E7A4F7556}") = "Lab07", "Lab07\Lab07.csproj", "{0A644DDA-C490-4FE2-8CFF-16407E6C5237}"
EndProject
Project("{9A19103F-16F7-4668-BE54-9A1E7A4F7556}") = "Data", "Data\Data.csproj", "{FFC3D268-3199-49BA-BBCE-1D29B8421990}"
EndProject
Project("{9A19103F-16F7-4668-BE54-9A1E7A4F7556}") = "Business", "Business\Business.csproj", "{1203A647-1237-4432-9951-79CC152D7A79}"
EndProject
Project("{9A19103F-16F7-4668-BE54-9A1E7A4F7556}") = "Entity", "Entity\Entity.csproj", "{9B6CDFB1-2F58-401A-AE1E-28CECCF31A55}"
EndProject
Project("{FAE04EC0-301F-11D3-BF4B-00C04F79EFBC}") = "Demo09", "Demo09\Demo09.csproj", "{DBD9CB3F-0D60-4DD4-A361-101AC980187B}"
EndProject
Global
	GlobalSection(SolutionConfigurationPlatforms) = preSolution
		Debug|Any CPU = Debug|Any CPU
		Release|Any CPU = Release|Any CPU
	EndGlobalSection
	GlobalSection(ProjectConfigurationPlatforms) = postSolution
		{0A644DDA-C490-4FE2-8CFF-16407E6C5237}.Debug|Any CPU.ActiveCfg = Debug|Any CPU
		{0A644DDA-C490-4FE2-8CFF-16407E6C5237}.Debug|Any CPU.Build.0 = Debug|Any CPU
		{0A644DDA-C490-4FE2-8CFF-16407E6C5237}.Release|Any CPU.ActiveCfg = Release|Any CPU
		{0A644DDA-C490-4FE2-8CFF-16407E6C5237}.Release|Any CPU.Build.0 = Release|Any CPU
		{FFC3D268-3199-49BA-BBCE-1D29B8421990}.Debug|Any CPU.ActiveCfg = Debug|Any CPU
		{FFC3D268-3199-49BA-BBCE-1D29B8421990}.Debug|Any CPU.Build.0 = Debug|Any CPU
		{FFC3D268-3199-49BA-BBCE-1D29B8421990}.Release|Any CPU.ActiveCfg = Release|Any CPU
		{FFC3D268-3199-49BA-BBCE-1D29B8421990}.Release|Any CPU.Build.0 = Release|Any CPU
		{1203A647-1237-4432-9951-79CC152D7A79}.Debug|Any CPU.ActiveCfg = Debug|Any CPU
		{1203A647-1237-4432-9951-79CC152D7A79}.Debug|Any CPU.Build.0 = Debug|Any CPU
		{1203A647-1237-4432-9951-79CC152D7A79}.Release|Any CPU.ActiveCfg = Release|Any CPU
		{1203A647-1237-4432-9951-79CC152D7A79}.Release|Any CPU.Build.0 = Release|Any CPU
		{9B6CDFB1-2F58-401A-AE1E-28CECCF31A55}.Debug|Any CPU.ActiveCfg = Debug|Any CPU
		{9B6CDFB1-2F58-401A-AE1E-28CECCF31A55}.Debug|Any CPU.Build.0 = Debug|Any CPU
		{9B6CDFB1-2F58-401A-AE1E-28CECCF31A55}.Release|Any CPU.ActiveCfg = Release|Any CPU
		{9B6CDFB1-2F58-401A-AE1E-28CECCF31A55}.Release|Any CPU.Build.0 = Release|Any CPU
		{DBD9CB3F-0D60-4DD4-A361-101AC980187B}.Debug|Any CPU.ActiveCfg = Debug|Any CPU
		{DBD9CB3F-0D60-4DD4-A361-101AC980187B}.Debug|Any CPU.Build.0 = Debug|Any CPU
		{DBD9CB3F-0D60-4DD4-A361-101AC980187B}.Release|Any CPU.ActiveCfg = Release|Any CPU
		{DBD9CB3F-0D60-4DD4-A361-101AC980187B}.Release|Any CPU.Build.0 = Release|Any CPU
	EndGlobalSection
	GlobalSection(SolutionProperties) = preSolution
		HideSolutionNode = FALSE
	EndGlobalSection
	GlobalSection(ExtensibilityGlobals) = postSolution
		SolutionGuid = {0604EFF6-ADC8-40D7-987D-B16CF637F179}
	EndGlobalSection
EndGlobal
